
Microsoft Visual Studio Solution File, Format Version 12.00
# Visual Studio 2012
Project("{FAE04EC0-301F-11D3-BF4B-00C04F79EFBC}") = "ecard", "ecard\ecard.csproj", "{49FC53AE-B4AE-43DE-991E-F5C1CF916E6B}"
EndProject
Global
	GlobalSection(SolutionConfigurationPlatforms) = preSolution
		Debug|Any CPU = Debug|Any CPU
		Release|Any CPU = Release|Any CPU
	EndGlobalSection
	GlobalSection(ProjectConfigurationPlatforms) = postSolution
		{49FC53AE-B4AE-43DE-991E-F5C1CF916E6B}.Debug|Any CPU.ActiveCfg = Debug|Any CPU
		{49FC53AE-B4AE-43DE-991E-F5C1CF916E6B}.Debug|Any CPU.Build.0 = Debug|Any CPU
		{49FC53AE-B4AE-43DE-991E-F5C1CF916E6B}.Release|Any CPU.ActiveCfg = Release|Any CPU
		{49FC53AE-B4AE-43DE-991E-F5C1CF916E6B}.Release|Any CPU.Build.0 = Release|Any CPU
	EndGlobalSection
EndGlobal
